github.com/palgunatm66/dog v0.0.0-20250213100903-f84070590a57 h1:AZUPKcsFjELG05kyezO+60GrbWbMQZfbD5qqE+uRzt4=
github.com/palgunatm66/dog v0.0.0-20250213100903-f84070590a57/go.mod h1:yttYDKujzdP2JYW1GDG/HOgcj1t7S4ugCPbvm+hPY9Y=
github.com/palgunatm66/dog v0.0.0-20250213101350-2e7894d406e2 h1:OagV+3KEPB5dPWoQw7BuYCEzq8vKnRgtkdjff0KXGEA=
github.com/palgunatm66/dog v0.0.0-20250213101350-2e7894d406e2/go.mod h1:yttYDKujzdP2JYW1GDG/HOgcj1t7S4ugCPbvm+hPY9Y=
